
Microsoft Visual Studio Solution File, Format Version 12.00
# Visual Studio Version 17
VisualStudioVersion = 17.0.31903.59
MinimumVisualStudioVersion = 10.0.40219.1
Project("{2150E333-8FDC-42A3-9474-1A3956D46DE8}") = "src", "src", "{3E6E5025-A6A3-42F4-BB7A-3056E0A4A1FD}"
EndProject
Project("{FAE04EC0-301F-11D3-BF4B-00C04F79EFBC}") = "NasSync.CfApi", "src\NasSync.CfApi\NasSync.CfApi.csproj", "{831E7834-2842-45F5-92AD-E56A4B0C63AE}"
EndProject
Project("{FAE04EC0-301F-11D3-BF4B-00C04F79EFBC}") = "NasSync.Core", "src\NasSync.Core\NasSync.Core.csproj", "{EB9E1571-B2C8-4934-A1D0-AFFC80B667C0}"
EndProject
Project("{FAE04EC0-301F-11D3-BF4B-00C04F79EFBC}") = "NasSync.Adapters", "src\NasSync.Adapters\NasSync.Adapters.csproj", "{9FBCC0E4-68A1-4E14-85C3-F48BF7AE7604}"
EndProject
Project("{FAE04EC0-301F-11D3-BF4B-00C04F79EFBC}") = "NasSync.Adapters.Smb", "src\NasSync.Adapters.Smb\NasSync.Adapters.Smb.csproj", "{98BFF763-B752-497F-A566-E11E46E3BA16}"
EndProject
Project("{FAE04EC0-301F-11D3-BF4B-00C04F79EFBC}") = "NasSync.Adapters.WebDav", "src\NasSync.Adapters.WebDav\NasSync.Adapters.WebDav.csproj", "{2D47F3F6-4936-4506-A050-A39A290A3BC0}"
EndProject
Project("{FAE04EC0-301F-11D3-BF4B-00C04F79EFBC}") = "NasSync.Tray", "src\NasSync.Tray\NasSync.Tray.csproj", "{8364FF3C-FAAA-489D-80AF-8B9A47F798F0}"
EndProject
Project("{2150E333-8FDC-42A3-9474-1A3956D46DE8}") = "tests", "tests", "{BF9B1631-0DEF-4448-877F-8490D420E409}"
EndProject
Project("{FAE04EC0-301F-11D3-BF4B-00C04F79EFBC}") = "NasSync.Core.Tests", "tests\NasSync.Core.Tests\NasSync.Core.Tests.csproj", "{CCAB0A7D-75D8-4D47-A06C-B6A7AF156FD7}"
EndProject
Project("{FAE04EC0-301F-11D3-BF4B-00C04F79EFBC}") = "NasSync.CfApi.Tests", "tests\NasSync.CfApi.Tests\NasSync.CfApi.Tests.csproj", "{1FE5EB69-D46A-42E9-B89C-0FC8448A3026}"
EndProject
Project("{FAE04EC0-301F-11D3-BF4B-00C04F79EFBC}") = "NasSync.Adapters.Tests", "tests\NasSync.Adapters.Tests\NasSync.Adapters.Tests.csproj", "{B72B692C-322F-456A-BF98-AFB018CADF64}"
EndProject
Project("{FAE04EC0-301F-11D3-BF4B-00C04F79EFBC}") = "NasSync.CfApi.IntegrationTest", "tests\NasSync.CfApi.IntegrationTest\NasSync.CfApi.IntegrationTest.csproj", "{1A71AA31-0D29-423D-88C4-C6395390ECBE}"
EndProject
Project("{FAE04EC0-301F-11D3-BF4B-00C04F79EFBC}") = "NasSync.UI", "src\NasSync.UI\NasSync.UI.csproj", "{FFCDD497-5C9B-4ABC-9793-0C87B049A06A}"
EndProject
Global
	GlobalSection(SolutionConfigurationPlatforms) = preSolution
		Debug|Any CPU = Debug|Any CPU
		Release|Any CPU = Release|Any CPU
	EndGlobalSection
	GlobalSection(SolutionProperties) = preSolution
		HideSolutionNode = FALSE
	EndGlobalSection
	GlobalSection(ProjectConfigurationPlatforms) = postSolution
		{831E7834-2842-45F5-92AD-E56A4B0C63AE}.Debug|Any CPU.ActiveCfg = Debug|Any CPU
		{831E7834-2842-45F5-92AD-E56A4B0C63AE}.Debug|Any CPU.Build.0 = Debug|Any CPU
		{831E7834-2842-45F5-92AD-E56A4B0C63AE}.Release|Any CPU.ActiveCfg = Release|Any CPU
		{831E7834-2842-45F5-92AD-E56A4B0C63AE}.Release|Any CPU.Build.0 = Release|Any CPU
		{EB9E1571-B2C8-4934-A1D0-AFFC80B667C0}.Debug|Any CPU.ActiveCfg = Debug|Any CPU
		{EB9E1571-B2C8-4934-A1D0-AFFC80B667C0}.Debug|Any CPU.Build.0 = Debug|Any CPU
		{EB9E1571-B2C8-4934-A1D0-AFFC80B667C0}.Release|Any CPU.ActiveCfg = Release|Any CPU
		{EB9E1571-B2C8-4934-A1D0-AFFC80B667C0}.Release|Any CPU.Build.0 = Release|Any CPU
		{9FBCC0E4-68A1-4E14-85C3-F48BF7AE7604}.Debug|Any CPU.ActiveCfg = Debug|Any CPU
		{9FBCC0E4-68A1-4E14-85C3-F48BF7AE7604}.Debug|Any CPU.Build.0 = Debug|Any CPU
		{9FBCC0E4-68A1-4E14-85C3-F48BF7AE7604}.Release|Any CPU.ActiveCfg = Release|Any CPU
		{9FBCC0E4-68A1-4E14-85C3-F48BF7AE7604}.Release|Any CPU.Build.0 = Release|Any CPU
		{98BFF763-B752-497F-A566-E11E46E3BA16}.Debug|Any CPU.ActiveCfg = Debug|Any CPU
		{98BFF763-B752-497F-A566-E11E46E3BA16}.Debug|Any CPU.Build.0 = Debug|Any CPU
		{98BFF763-B752-497F-A566-E11E46E3BA16}.Release|Any CPU.ActiveCfg = Release|Any CPU
		{98BFF763-B752-497F-A566-E11E46E3BA16}.Release|Any CPU.Build.0 = Release|Any CPU
		{2D47F3F6-4936-4506-A050-A39A290A3BC0}.Debug|Any CPU.ActiveCfg = Debug|Any CPU
		{2D47F3F6-4936-4506-A050-A39A290A3BC0}.Debug|Any CPU.Build.0 = Debug|Any CPU
		{2D47F3F6-4936-4506-A050-A39A290A3BC0}.Release|Any CPU.ActiveCfg = Release|Any CPU
		{2D47F3F6-4936-4506-A050-A39A290A3BC0}.Release|Any CPU.Build.0 = Release|Any CPU
		{8364FF3C-FAAA-489D-80AF-8B9A47F798F0}.Debug|Any CPU.ActiveCfg = Debug|Any CPU
		{8364FF3C-FAAA-489D-80AF-8B9A47F798F0}.Debug|Any CPU.Build.0 = Debug|Any CPU
		{8364FF3C-FAAA-489D-80AF-8B9A47F798F0}.Release|Any CPU.ActiveCfg = Release|Any CPU
		{8364FF3C-FAAA-489D-80AF-8B9A47F798F0}.Release|Any CPU.Build.0 = Release|Any CPU
		{CCAB0A7D-75D8-4D47-A06C-B6A7AF156FD7}.Debug|Any CPU.ActiveCfg = Debug|Any CPU
		{CCAB0A7D-75D8-4D47-A06C-B6A7AF156FD7}.Debug|Any CPU.Build.0 = Debug|Any CPU
		{CCAB0A7D-75D8-4D47-A06C-B6A7AF156FD7}.Release|Any CPU.ActiveCfg = Release|Any CPU
		{CCAB0A7D-75D8-4D47-A06C-B6A7AF156FD7}.Release|Any CPU.Build.0 = Release|Any CPU
		{1FE5EB69-D46A-42E9-B89C-0FC8448A3026}.Debug|Any CPU.ActiveCfg = Debug|Any CPU
		{1FE5EB69-D46A-42E9-B89C-0FC8448A3026}.Debug|Any CPU.Build.0 = Debug|Any CPU
		{1FE5EB69-D46A-42E9-B89C-0FC8448A3026}.Release|Any CPU.ActiveCfg = Release|Any CPU
		{1FE5EB69-D46A-42E9-B89C-0FC8448A3026}.Release|Any CPU.Build.0 = Release|Any CPU
		{B72B692C-322F-456A-BF98-AFB018CADF64}.Debug|Any CPU.ActiveCfg = Debug|Any CPU
		{B72B692C-322F-456A-BF98-AFB018CADF64}.Debug|Any CPU.Build.0 = Debug|Any CPU
		{B72B692C-322F-456A-BF98-AFB018CADF64}.Release|Any CPU.ActiveCfg = Release|Any CPU
		{B72B692C-322F-456A-BF98-AFB018CADF64}.Release|Any CPU.Build.0 = Release|Any CPU
		{1A71AA31-0D29-423D-88C4-C6395390ECBE}.Debug|Any CPU.ActiveCfg = Debug|Any CPU
		{1A71AA31-0D29-423D-88C4-C6395390ECBE}.Debug|Any CPU.Build.0 = Debug|Any CPU
		{1A71AA31-0D29-423D-88C4-C6395390ECBE}.Release|Any CPU.ActiveCfg = Release|Any CPU
		{1A71AA31-0D29-423D-88C4-C6395390ECBE}.Release|Any CPU.Build.0 = Release|Any CPU
		{FFCDD497-5C9B-4ABC-9793-0C87B049A06A}.Debug|Any CPU.ActiveCfg = Debug|Any CPU
		{FFCDD497-5C9B-4ABC-9793-0C87B049A06A}.Debug|Any CPU.Build.0 = Debug|Any CPU
		{FFCDD497-5C9B-4ABC-9793-0C87B049A06A}.Release|Any CPU.ActiveCfg = Release|Any CPU
		{FFCDD497-5C9B-4ABC-9793-0C87B049A06A}.Release|Any CPU.Build.0 = Release|Any CPU
	EndGlobalSection
	GlobalSection(NestedProjects) = preSolution
		{831E7834-2842-45F5-92AD-E56A4B0C63AE} = {3E6E5025-A6A3-42F4-BB7A-3056E0A4A1FD}
		{EB9E1571-B2C8-4934-A1D0-AFFC80B667C0} = {3E6E5025-A6A3-42F4-BB7A-3056E0A4A1FD}
		{9FBCC0E4-68A1-4E14-85C3-F48BF7AE7604} = {3E6E5025-A6A3-42F4-BB7A-3056E0A4A1FD}
		{98BFF763-B752-497F-A566-E11E46E3BA16} = {3E6E5025-A6A3-42F4-BB7A-3056E0A4A1FD}
		{2D47F3F6-4936-4506-A050-A39A290A3BC0} = {3E6E5025-A6A3-42F4-BB7A-3056E0A4A1FD}
		{8364FF3C-FAAA-489D-80AF-8B9A47F798F0} = {3E6E5025-A6A3-42F4-BB7A-3056E0A4A1FD}
		{CCAB0A7D-75D8-4D47-A06C-B6A7AF156FD7} = {BF9B1631-0DEF-4448-877F-8490D420E409}
		{1FE5EB69-D46A-42E9-B89C-0FC8448A3026} = {BF9B1631-0DEF-4448-877F-8490D420E409}
		{B72B692C-322F-456A-BF98-AFB018CADF64} = {BF9B1631-0DEF-4448-877F-8490D420E409}
		{1A71AA31-0D29-423D-88C4-C6395390ECBE} = {BF9B1631-0DEF-4448-877F-8490D420E409}
		{FFCDD497-5C9B-4ABC-9793-0C87B049A06A} = {3E6E5025-A6A3-42F4-BB7A-3056E0A4A1FD}
	EndGlobalSection
EndGlobal
